// !$*UTF8*$!
{
	archiveVersion = 1;
	classes = {
	};
	objectVersion = 50;
	objects = {

/* Begin PBXBuildFile section */
		3F21643E257777A700F27700 /* 02-Day.swift in Sources */ = {isa = PBXBuildFile; fileRef = 3F21643D257777A700F27700 /* 02-Day.swift */; };
		3F21644325777C1300F27700 /* String+Index.swift in Sources */ = {isa = PBXBuildFile; fileRef = 3F21644225777C1300F27700 /* String+Index.swift */; };
		3F62A34C2578CA1D00A77C3C /* 03-Day.swift in Sources */ = {isa = PBXBuildFile; fileRef = 3F62A34B2578CA1D00A77C3C /* 03-Day.swift */; };
		3F660B272393A0B3003DB18E /* 01-Day.swift in Sources */ = {isa = PBXBuildFile; fileRef = 3F660B262393A0B3003DB18E /* 01-Day.swift */; };
		3F6A0F1E23929DD300F734B9 /* main.swift in Sources */ = {isa = PBXBuildFile; fileRef = 3F6A0F1D23929DD300F734B9 /* main.swift */; };
		3F6A0F282392A25E00F734B9 /* Input.swift in Sources */ = {isa = PBXBuildFile; fileRef = 3F6A0F272392A25E00F734B9 /* Input.swift */; };
		3FB5678025855EEC00B8182E /* 04-Day.swift in Sources */ = {isa = PBXBuildFile; fileRef = 3FB5677F25855EEC00B8182E /* 04-Day.swift */; };
		3FB567872586099C00B8182E /* 13-Day.swift in Sources */ = {isa = PBXBuildFile; fileRef = 3FB567852586099C00B8182E /* 13-Day.swift */; };
/* End PBXBuildFile section */

/* Begin PBXCopyFilesBuildPhase section */
		3F6A0F1823929DD300F734B9 /* CopyFiles */ = {
			isa = PBXCopyFilesBuildPhase;
			buildActionMask = 2147483647;
			dstPath = /usr/share/man/man1/;
			dstSubfolderSpec = 0;
			files = (
			);
			runOnlyForDeploymentPostprocessing = 1;
		};
/* End PBXCopyFilesBuildPhase section */

/* Begin PBXFileReference section */
		3F21643C257777A700F27700 /* 02-Input.txt */ = {isa = PBXFileReference; lastKnownFileType = text; path = "02-Input.txt"; sourceTree = "<group>"; };
		3F21643D257777A700F27700 /* 02-Day.swift */ = {isa = PBXFileReference; lastKnownFileType = sourcecode.swift; path = "02-Day.swift"; sourceTree = "<group>"; };
		3F21644225777C1300F27700 /* String+Index.swift */ = {isa = PBXFileReference; lastKnownFileType = sourcecode.swift; path = "String+Index.swift"; sourceTree = "<group>"; };
		3F62A34A2578CA1D00A77C3C /* 03-Input.txt */ = {isa = PBXFileReference; lastKnownFileType = text; path = "03-Input.txt"; sourceTree = "<group>"; };
		3F62A34B2578CA1D00A77C3C /* 03-Day.swift */ = {isa = PBXFileReference; lastKnownFileType = sourcecode.swift; path = "03-Day.swift"; sourceTree = "<group>"; };
		3F660B262393A0B3003DB18E /* 01-Day.swift */ = {isa = PBXFileReference; lastKnownFileType = sourcecode.swift; path = "01-Day.swift"; sourceTree = "<group>"; };
		3F660B282393A0C5003DB18E /* 01-Input.txt */ = {isa = PBXFileReference; lastKnownFileType = text; path = "01-Input.txt"; sourceTree = "<group>"; };
		3F6A0F1A23929DD300F734B9 /* AdventOfCode2020 */ = {isa = PBXFileReference; explicitFileType = "compiled.mach-o.executable"; includeInIndex = 0; path = AdventOfCode2020; sourceTree = BUILT_PRODUCTS_DIR; };
		3F6A0F1D23929DD300F734B9 /* main.swift */ = {isa = PBXFileReference; lastKnownFileType = sourcecode.swift; path = main.swift; sourceTree = "<group>"; };
		3F6A0F272392A25E00F734B9 /* Input.swift */ = {isa = PBXFileReference; lastKnownFileType = sourcecode.swift; path = Input.swift; sourceTree = "<group>"; };
		3FB5677E25855EEC00B8182E /* 04-Input.txt */ = {isa = PBXFileReference; lastKnownFileType = text; path = "04-Input.txt"; sourceTree = "<group>"; };
		3FB5677F25855EEC00B8182E /* 04-Day.swift */ = {isa = PBXFileReference; lastKnownFileType = sourcecode.swift; path = "04-Day.swift"; sourceTree = "<group>"; };
		3FB567852586099C00B8182E /* 13-Day.swift */ = {isa = PBXFileReference; lastKnownFileType = sourcecode.swift; path = "13-Day.swift"; sourceTree = "<group>"; };
		3FB567862586099C00B8182E /* 13-Input.txt */ = {isa = PBXFileReference; lastKnownFileType = text; path = "13-Input.txt"; sourceTree = "<group>"; };
/* End PBXFileReference section */

/* Begin PBXFrameworksBuildPhase section */
		3F6A0F1723929DD300F734B9 /* Frameworks */ = {
			isa = PBXFrameworksBuildPhase;
			buildActionMask = 2147483647;
			files = (
			);
			runOnlyForDeploymentPostprocessing = 0;
		};
/* End PBXFrameworksBuildPhase section */

/* Begin PBXGroup section */
		3F6A0F1123929DD300F734B9 = {
			isa = PBXGroup;
			children = (
				3F6A0F1C23929DD300F734B9 /* AdventOfCode2020 */,
				3F6A0F1B23929DD300F734B9 /* Products */,
			);
			sourceTree = "<group>";
			usesTabs = 1;
		};
		3F6A0F1B23929DD300F734B9 /* Products */ = {
			isa = PBXGroup;
			children = (
				3F6A0F1A23929DD300F734B9 /* AdventOfCode2020 */,
			);
			name = Products;
			sourceTree = "<group>";
		};
		3F6A0F1C23929DD300F734B9 /* AdventOfCode2020 */ = {
			isa = PBXGroup;
			children = (
				3F660B262393A0B3003DB18E /* 01-Day.swift */,
				3F660B282393A0C5003DB18E /* 01-Input.txt */,
				3F21643D257777A700F27700 /* 02-Day.swift */,
				3F21643C257777A700F27700 /* 02-Input.txt */,
				3F62A34B2578CA1D00A77C3C /* 03-Day.swift */,
				3F62A34A2578CA1D00A77C3C /* 03-Input.txt */,
				3FB5677F25855EEC00B8182E /* 04-Day.swift */,
				3FB5677E25855EEC00B8182E /* 04-Input.txt */,
				3FB567852586099C00B8182E /* 13-Day.swift */,
				3FB567862586099C00B8182E /* 13-Input.txt */,
				3F6A0F272392A25E00F734B9 /* Input.swift */,
				3F6A0F1D23929DD300F734B9 /* main.swift */,
				3F21644225777C1300F27700 /* String+Index.swift */,
			);
			path = AdventOfCode2020;
			sourceTree = "<group>";
		};
/* End PBXGroup section */

/* Begin PBXNativeTarget section */
		3F6A0F1923929DD300F734B9 /* AdventOfCode2020 */ = {
			isa = PBXNativeTarget;
			buildConfigurationList = 3F6A0F2123929DD300F734B9 /* Build configuration list for PBXNativeTarget "AdventOfCode2020" */;
			buildPhases = (
				3F6A0F1623929DD300F734B9 /* Sources */,
				3F6A0F1723929DD300F734B9 /* Frameworks */,
				3F6A0F1823929DD300F734B9 /* CopyFiles */,
			);
			buildRules = (
			);
			dependencies = (
			);
			name = AdventOfCode2020;
			productName = AdventOfCode2019;
			productReference = 3F6A0F1A23929DD300F734B9 /* AdventOfCode2020 */;
			productType = "com.apple.product-type.tool";
		};
/* End PBXNativeTarget section */

/* Begin PBXProject section */
		3F6A0F1223929DD300F734B9 /* Project object */ = {
			isa = PBXProject;
			attributes = {
				LastSwiftUpdateCheck = 1120;
				LastUpgradeCheck = 1220;
				ORGANIZATIONNAME = fbe;
				TargetAttributes = {
					3F6A0F1923929DD300F734B9 = {
						CreatedOnToolsVersion = 11.2.1;
					};
				};
			};
			buildConfigurationList = 3F6A0F1523929DD300F734B9 /* Build configuration list for PBXProject "AdventOfCode2020" */;
			compatibilityVersion = "Xcode 9.3";
			developmentRegion = en;
			hasScannedForEncodings = 0;
			knownRegions = (
				en,
				Base,
			);
			mainGroup = 3F6A0F1123929DD300F734B9;
			productRefGroup = 3F6A0F1B23929DD300F734B9 /* Products */;
			projectDirPath = "";
			projectRoot = "";
			targets = (
				3F6A0F1923929DD300F734B9 /* AdventOfCode2020 */,
			);
		};
/* End PBXProject section */

/* Begin PBXSourcesBuildPhase section */
		3F6A0F1623929DD300F734B9 /* Sources */ = {
			isa = PBXSourcesBuildPhase;
			buildActionMask = 2147483647;
			files = (
				3F6A0F282392A25E00F734B9 /* Input.swift in Sources */,
				3F6A0F1E23929DD300F734B9 /* main.swift in Sources */,
				3F660B272393A0B3003DB18E /* 01-Day.swift in Sources */,
				3FB5678025855EEC00B8182E /* 04-Day.swift in Sources */,
				3F21643E257777A700F27700 /* 02-Day.swift in Sources */,
				3F62A34C2578CA1D00A77C3C /* 03-Day.swift in Sources */,
				3FB567872586099C00B8182E /* 13-Day.swift in Sources */,
				3F21644325777C1300F27700 /* String+Index.swift in Sources */,
			);
			runOnlyForDeploymentPostprocessing = 0;
		};
/* End PBXSourcesBuildPhase section */

/* Begin XCBuildConfiguration section */
		3F6A0F1F23929DD300F734B9 /* Debug */ = {
			isa = XCBuildConfiguration;
			buildSettings = {
				ALWAYS_SEARCH_USER_PATHS = NO;
				CLANG_ANALYZER_NONNULL = YES;
				CLANG_ANALYZER_NUMBER_OBJECT_CONVERSION = YES_AGGRESSIVE;
				CLANG_CXX_LANGUAGE_STANDARD = "gnu++14";
				CLANG_CXX_LIBRARY = "libc++";
				CLANG_ENABLE_MODULES = YES;
				CLANG_ENABLE_OBJC_ARC = YES;
				CLANG_ENABLE_OBJC_WEAK = YES;
				CLANG_WARN_BLOCK_CAPTURE_AUTORELEASING = YES;
				CLANG_WARN_BOOL_CONVERSION = YES;
				CLANG_WARN_COMMA = YES;
				CLANG_WARN_CONSTANT_CONVERSION = YES;
				CLANG_WARN_DEPRECATED_OBJC_IMPLEMENTATIONS = YES;
				CLANG_WARN_DIRECT_OBJC_ISA_USAGE = YES_ERROR;
				CLANG_WARN_DOCUMENTATION_COMMENTS = YES;
				CLANG_WARN_EMPTY_BODY = YES;
				CLANG_WARN_ENUM_CONVERSION = YES;
				CLANG_WARN_INFINITE_RECURSION = YES;
				CLANG_WARN_INT_CONVERSION = YES;
				CLANG_WARN_NON_LITERAL_NULL_CONVERSION = YES;
				CLANG_WARN_OBJC_IMPLICIT_RETAIN_SELF = YES;
				CLANG_WARN_OBJC_LITERAL_CONVERSION = YES;
				CLANG_WARN_OBJC_ROOT_CLASS = YES_ERROR;
				CLANG_WARN_QUOTED_INCLUDE_IN_FRAMEWORK_HEADER = YES;
				CLANG_WARN_RANGE_LOOP_ANALYSIS = YES;
				CLANG_WARN_STRICT_PROTOTYPES = YES;
				CLANG_WARN_SUSPICIOUS_MOVE = YES;
				CLANG_WARN_UNGUARDED_AVAILABILITY = YES_AGGRESSIVE;
				CLANG_WARN_UNREACHABLE_CODE = YES;
				CLANG_WARN__DUPLICATE_METHOD_MATCH = YES;
				COPY_PHASE_STRIP = NO;
				DEBUG_INFORMATION_FORMAT = dwarf;
				ENABLE_STRICT_OBJC_MSGSEND = YES;
				ENABLE_TESTABILITY = YES;
				GCC_C_LANGUAGE_STANDARD = gnu11;
				GCC_DYNAMIC_NO_PIC = NO;
				GCC_NO_COMMON_BLOCKS = YES;
				GCC_OPTIMIZATION_LEVEL = 0;
				GCC_PREPROCESSOR_DEFINITIONS = (
					"DEBUG=1",
					"$(inherited)",
				);
				GCC_WARN_64_TO_32_BIT_CONVERSION = YES;
				GCC_WARN_ABOUT_RETURN_TYPE = YES_ERROR;
				GCC_WARN_UNDECLARED_SELECTOR = YES;
				GCC_WARN_UNINITIALIZED_AUTOS = YES_AGGRESSIVE;
				GCC_WARN_UNUSED_FUNCTION = YES;
				GCC_WARN_UNUSED_VARIABLE = YES;
				MACOSX_DEPLOYMENT_TARGET = 10.15;
				MTL_ENABLE_DEBUG_INFO = INCLUDE_SOURCE;
				MTL_FAST_MATH = YES;
				ONLY_ACTIVE_ARCH = YES;
				SDKROOT = macosx;
				SWIFT_ACTIVE_COMPILATION_CONDITIONS = DEBUG;
				SWIFT_OPTIMIZATION_LEVEL = "-Onone";
			};
			name = Debug;
		};
		3F6A0F2023929DD300F734B9 /* Release */ = {
			isa = XCBuildConfiguration;
			buildSettings = {
				ALWAYS_SEARCH_USER_PATHS = NO;
				CLANG_ANALYZER_NONNULL = YES;
				CLANG_ANALYZER_NUMBER_OBJECT_CONVERSION = YES_AGGRESSIVE;
				CLANG_CXX_LANGUAGE_STANDARD = "gnu++14";
				CLANG_CXX_LIBRARY = "libc++";
				CLANG_ENABLE_MODULES = YES;
				CLANG_ENABLE_OBJC_ARC = YES;
				CLANG_ENABLE_OBJC_WEAK = YES;
				CLANG_WARN_BLOCK_CAPTURE_AUTORELEASING = YES;
				CLANG_WARN_BOOL_CONVERSION = YES;
				CLANG_WARN_COMMA = YES;
				CLANG_WARN_CONSTANT_CONVERSION = YES;
				CLANG_WARN_DEPRECATED_OBJC_IMPLEMENTATIONS = YES;
				CLANG_WARN_DIRECT_OBJC_ISA_USAGE = YES_ERROR;
				CLANG_WARN_DOCUMENTATION_COMMENTS = YES;
				CLANG_WARN_EMPTY_BODY = YES;
				CLANG_WARN_ENUM_CONVERSION = YES;
				CLANG_WARN_INFINITE_RECURSION = YES;
				CLANG_WARN_INT_CONVERSION = YES;
				CLANG_WARN_NON_LITERAL_NULL_CONVERSION = YES;
				CLANG_WARN_OBJC_IMPLICIT_RETAIN_SELF = YES;
				CLANG_WARN_OBJC_LITERAL_CONVERSION = YES;
				CLANG_WARN_OBJC_ROOT_CLASS = YES_ERROR;
				CLANG_WARN_QUOTED_INCLUDE_IN_FRAMEWORK_HEADER = YES;
				CLANG_WARN_RANGE_LOOP_ANALYSIS = YES;
				CLANG_WARN_STRICT_PROTOTYPES = YES;
				CLANG_WARN_SUSPICIOUS_MOVE = YES;
				CLANG_WARN_UNGUARDED_AVAILABILITY = YES_AGGRESSIVE;
				CLANG_WARN_UNREACHABLE_CODE = YES;
				CLANG_WARN__DUPLICATE_METHOD_MATCH = YES;
				COPY_PHASE_STRIP = NO;
				DEBUG_INFORMATION_FORMAT = "dwarf-with-dsym";
				ENABLE_NS_ASSERTIONS = NO;
				ENABLE_STRICT_OBJC_MSGSEND = YES;
				GCC_C_LANGUAGE_STANDARD = gnu11;
				GCC_NO_COMMON_BLOCKS = YES;
				GCC_WARN_64_TO_32_BIT_CONVERSION = YES;
				GCC_WARN_ABOUT_RETURN_TYPE = YES_ERROR;
				GCC_WARN_UNDECLARED_SELECTOR = YES;
				GCC_WARN_UNINITIALIZED_AUTOS = YES_AGGRESSIVE;
				GCC_WARN_UNUSED_FUNCTION = YES;
				GCC_WARN_UNUSED_VARIABLE = YES;
				MACOSX_DEPLOYMENT_TARGET = 10.15;
				MTL_ENABLE_DEBUG_INFO = NO;
				MTL_FAST_MATH = YES;
				SDKROOT = macosx;
				SWIFT_COMPILATION_MODE = wholemodule;
				SWIFT_OPTIMIZATION_LEVEL = "-O";
			};
			name = Release;
		};
		3F6A0F2223929DD300F734B9 /* Debug */ = {
			isa = XCBuildConfiguration;
			buildSettings = {
				CODE_SIGN_IDENTITY = "-";
				CODE_SIGN_STYLE = Automatic;
				DEVELOPMENT_TEAM = J85Z25U8EM;
				ENABLE_HARDENED_RUNTIME = YES;
				PRODUCT_NAME = "$(TARGET_NAME)";
				SWIFT_VERSION = 5.0;
			};
			name = Debug;
		};
		3F6A0F2323929DD300F734B9 /* Release */ = {
			isa = XCBuildConfiguration;
			buildSettings = {
				CODE_SIGN_IDENTITY = "-";
				CODE_SIGN_STYLE = Automatic;
				DEVELOPMENT_TEAM = J85Z25U8EM;
				ENABLE_HARDENED_RUNTIME = YES;
				PRODUCT_NAME = "$(TARGET_NAME)";
				SWIFT_VERSION = 5.0;
			};
			name = Release;
		};
/* End XCBuildConfiguration section */

/* Begin XCConfigurationList section */
		3F6A0F1523929DD300F734B9 /* Build configuration list for PBXProject "AdventOfCode2020" */ = {
			isa = XCConfigurationList;
			buildConfigurations = (
				3F6A0F1F23929DD300F734B9 /* Debug */,
				3F6A0F2023929DD300F734B9 /* Release */,
			);
			defaultConfigurationIsVisible = 0;
			defaultConfigurationName = Release;
		};
		3F6A0F2123929DD300F734B9 /* Build configuration list for PBXNativeTarget "AdventOfCode2020" */ = {
			isa = XCConfigurationList;
			buildConfigurations = (
				3F6A0F2223929DD300F734B9 /* Debug */,
				3F6A0F2323929DD300F734B9 /* Release */,
			);
			defaultConfigurationIsVisible = 0;
			defaultConfigurationName = Release;
		};
/* End XCConfigurationList section */
	};
	rootObject = 3F6A0F1223929DD300F734B9 /* Project object */;
}
