// !$*UTF8*$!
{
	archiveVersion = 1;
	classes = {
	};
	objectVersion = 50;
	objects = {

/* Begin PBXBuildFile section */
		3F07B1252394EAC300123D12 /* 02-Day.swift in Sources */ = {isa = PBXBuildFile; fileRef = 3F07B1242394EAC300123D12 /* 02-Day.swift */; };
		3F0E027C23A4B9EC001A7ED1 /* 14-Day.swift in Sources */ = {isa = PBXBuildFile; fileRef = 3F0E027A23A4B9EB001A7ED1 /* 14-Day.swift */; };
		3F194A192396325700D1A1A3 /* 03-Day.swift in Sources */ = {isa = PBXBuildFile; fileRef = 3F194A182396325700D1A1A3 /* 03-Day.swift */; };
		3F1C172623970D990033C4D4 /* 04-Day.swift in Sources */ = {isa = PBXBuildFile; fileRef = 3F1C172423970D990033C4D4 /* 04-Day.swift */; };
		3F5EEF1A239B0E720015404B /* 07-Day.swift in Sources */ = {isa = PBXBuildFile; fileRef = 3F5EEF19239B0E720015404B /* 07-Day.swift */; };
		3F62495C239EF31A00812F8F /* 10-Day.swift in Sources */ = {isa = PBXBuildFile; fileRef = 3F62495A239EF31A00812F8F /* 10-Day.swift */; };
		3F660B272393A0B3003DB18E /* 01-Day.swift in Sources */ = {isa = PBXBuildFile; fileRef = 3F660B262393A0B3003DB18E /* 01-Day.swift */; };
		3F6A0F1E23929DD300F734B9 /* main.swift in Sources */ = {isa = PBXBuildFile; fileRef = 3F6A0F1D23929DD300F734B9 /* main.swift */; };
		3F6A0F2623929EA800F734B9 /* 2018-01-Day.swift in Sources */ = {isa = PBXBuildFile; fileRef = 3F6A0F2523929EA800F734B9 /* 2018-01-Day.swift */; };
		3F6A0F282392A25E00F734B9 /* Input.swift in Sources */ = {isa = PBXBuildFile; fileRef = 3F6A0F272392A25E00F734B9 /* Input.swift */; };
		3F6E5EC623A1642800B99C7C /* Coordinate.swift in Sources */ = {isa = PBXBuildFile; fileRef = 3F6E5EC523A1642800B99C7C /* Coordinate.swift */; };
		3F6E5EC823A1652200B99C7C /* Direction.swift in Sources */ = {isa = PBXBuildFile; fileRef = 3F6E5EC723A1652200B99C7C /* Direction.swift */; };
		3F6E5ECB23A189ED00B99C7C /* 12-Day.swift in Sources */ = {isa = PBXBuildFile; fileRef = 3F6E5EC923A189ED00B99C7C /* 12-Day.swift */; };
		3F81AFA723B4B7D3006D3882 /* 24-Day.swift in Sources */ = {isa = PBXBuildFile; fileRef = 3F81AFA623B4B7D3006D3882 /* 24-Day.swift */; };
		3F84925C2398D46200521F97 /* 05-Day.swift in Sources */ = {isa = PBXBuildFile; fileRef = 3F84925B2398D46200521F97 /* 05-Day.swift */; };
		3F860E6E2399B4A60080576B /* 06-Day.swift in Sources */ = {isa = PBXBuildFile; fileRef = 3F860E6D2399B4A60080576B /* 06-Day.swift */; };
		3F997953239D9ADC006DB96B /* 09-Day.swift in Sources */ = {isa = PBXBuildFile; fileRef = 3F997952239D9ADC006DB96B /* 09-Day.swift */; };
		3F997957239E20D0006DB96B /* Computer.swift in Sources */ = {isa = PBXBuildFile; fileRef = 3F997956239E20D0006DB96B /* Computer.swift */; };
		3FAABACF23A0BCEA00DD6E03 /* 11-Day.swift in Sources */ = {isa = PBXBuildFile; fileRef = 3FAABACD23A0BCE900DD6E03 /* 11-Day.swift */; };
		3FBB15B823B772EE00EFBAC9 /* 13-Day.swift in Sources */ = {isa = PBXBuildFile; fileRef = 3FBB15B623B772EE00EFBAC9 /* 13-Day.swift */; };
		3FBB15BB23B77A9600EFBAC9 /* 16-Day.swift in Sources */ = {isa = PBXBuildFile; fileRef = 3FBB15B923B77A9600EFBAC9 /* 16-Day.swift */; };
		3FC80DD723B899B2008D9C9F /* 17-Day.swift in Sources */ = {isa = PBXBuildFile; fileRef = 3FC80DD523B899B2008D9C9F /* 17-Day.swift */; };
		3FCED5B8239C658F006EE248 /* 08-Day.swift in Sources */ = {isa = PBXBuildFile; fileRef = 3FCED5B7239C658F006EE248 /* 08-Day.swift */; };
/* End PBXBuildFile section */

/* Begin PBXCopyFilesBuildPhase section */
		3F6A0F1823929DD300F734B9 /* CopyFiles */ = {
			isa = PBXCopyFilesBuildPhase;
			buildActionMask = 2147483647;
			dstPath = /usr/share/man/man1/;
			dstSubfolderSpec = 0;
			files = (
			);
			runOnlyForDeploymentPostprocessing = 1;
		};
/* End PBXCopyFilesBuildPhase section */

/* Begin PBXFileReference section */
		3F07B1242394EAC300123D12 /* 02-Day.swift */ = {isa = PBXFileReference; lastKnownFileType = sourcecode.swift; path = "02-Day.swift"; sourceTree = "<group>"; };
		3F07B1262394EACF00123D12 /* 02-Input.txt */ = {isa = PBXFileReference; lastKnownFileType = text; path = "02-Input.txt"; sourceTree = "<group>"; };
		3F0E027A23A4B9EB001A7ED1 /* 14-Day.swift */ = {isa = PBXFileReference; lastKnownFileType = sourcecode.swift; path = "14-Day.swift"; sourceTree = "<group>"; };
		3F0E027B23A4B9EB001A7ED1 /* 14-Input.txt */ = {isa = PBXFileReference; lastKnownFileType = text; path = "14-Input.txt"; sourceTree = "<group>"; };
		3F194A172396325700D1A1A3 /* 03-Input.txt */ = {isa = PBXFileReference; lastKnownFileType = text; path = "03-Input.txt"; sourceTree = "<group>"; };
		3F194A182396325700D1A1A3 /* 03-Day.swift */ = {isa = PBXFileReference; lastKnownFileType = sourcecode.swift; path = "03-Day.swift"; sourceTree = "<group>"; };
		3F1C172423970D990033C4D4 /* 04-Day.swift */ = {isa = PBXFileReference; lastKnownFileType = sourcecode.swift; path = "04-Day.swift"; sourceTree = "<group>"; };
		3F1C172523970D990033C4D4 /* 04-Input.txt */ = {isa = PBXFileReference; lastKnownFileType = text; path = "04-Input.txt"; sourceTree = "<group>"; };
		3F5EEF18239B0E720015404B /* 07-Input.txt */ = {isa = PBXFileReference; lastKnownFileType = text; path = "07-Input.txt"; sourceTree = "<group>"; };
		3F5EEF19239B0E720015404B /* 07-Day.swift */ = {isa = PBXFileReference; lastKnownFileType = sourcecode.swift; path = "07-Day.swift"; sourceTree = "<group>"; };
		3F62495A239EF31A00812F8F /* 10-Day.swift */ = {isa = PBXFileReference; lastKnownFileType = sourcecode.swift; path = "10-Day.swift"; sourceTree = "<group>"; };
		3F62495B239EF31A00812F8F /* 10-Input.txt */ = {isa = PBXFileReference; lastKnownFileType = text; path = "10-Input.txt"; sourceTree = "<group>"; };
		3F660B262393A0B3003DB18E /* 01-Day.swift */ = {isa = PBXFileReference; lastKnownFileType = sourcecode.swift; path = "01-Day.swift"; sourceTree = "<group>"; };
		3F660B282393A0C5003DB18E /* 01-Input.txt */ = {isa = PBXFileReference; lastKnownFileType = text; path = "01-Input.txt"; sourceTree = "<group>"; };
		3F6A0F1A23929DD300F734B9 /* AdventOfCode2019 */ = {isa = PBXFileReference; explicitFileType = "compiled.mach-o.executable"; includeInIndex = 0; path = AdventOfCode2019; sourceTree = BUILT_PRODUCTS_DIR; };
		3F6A0F1D23929DD300F734B9 /* main.swift */ = {isa = PBXFileReference; lastKnownFileType = sourcecode.swift; path = main.swift; sourceTree = "<group>"; };
		3F6A0F2523929EA800F734B9 /* 2018-01-Day.swift */ = {isa = PBXFileReference; lastKnownFileType = sourcecode.swift; path = "2018-01-Day.swift"; sourceTree = "<group>"; };
		3F6A0F272392A25E00F734B9 /* Input.swift */ = {isa = PBXFileReference; lastKnownFileType = sourcecode.swift; path = Input.swift; sourceTree = "<group>"; };
		3F6A0F2B2392A56200F734B9 /* 2018-01-Input.txt */ = {isa = PBXFileReference; fileEncoding = 4; lastKnownFileType = text; path = "2018-01-Input.txt"; sourceTree = "<group>"; };
		3F6E5EC523A1642800B99C7C /* Coordinate.swift */ = {isa = PBXFileReference; lastKnownFileType = sourcecode.swift; path = Coordinate.swift; sourceTree = "<group>"; };
		3F6E5EC723A1652200B99C7C /* Direction.swift */ = {isa = PBXFileReference; lastKnownFileType = sourcecode.swift; path = Direction.swift; sourceTree = "<group>"; };
		3F6E5EC923A189ED00B99C7C /* 12-Day.swift */ = {isa = PBXFileReference; lastKnownFileType = sourcecode.swift; path = "12-Day.swift"; sourceTree = "<group>"; };
		3F6E5ECA23A189ED00B99C7C /* 12-Input.txt */ = {isa = PBXFileReference; lastKnownFileType = text; path = "12-Input.txt"; sourceTree = "<group>"; };
		3F81AFA523B4B7D3006D3882 /* 24-Input.txt */ = {isa = PBXFileReference; lastKnownFileType = text; path = "24-Input.txt"; sourceTree = "<group>"; };
		3F81AFA623B4B7D3006D3882 /* 24-Day.swift */ = {isa = PBXFileReference; lastKnownFileType = sourcecode.swift; path = "24-Day.swift"; sourceTree = "<group>"; };
		3F84925A2398D46200521F97 /* 05-Input.txt */ = {isa = PBXFileReference; lastKnownFileType = text; path = "05-Input.txt"; sourceTree = "<group>"; };
		3F84925B2398D46200521F97 /* 05-Day.swift */ = {isa = PBXFileReference; lastKnownFileType = sourcecode.swift; path = "05-Day.swift"; sourceTree = "<group>"; };
		3F860E6C2399B4A60080576B /* 06-Input.txt */ = {isa = PBXFileReference; lastKnownFileType = text; path = "06-Input.txt"; sourceTree = "<group>"; };
		3F860E6D2399B4A60080576B /* 06-Day.swift */ = {isa = PBXFileReference; lastKnownFileType = sourcecode.swift; path = "06-Day.swift"; sourceTree = "<group>"; };
		3F997951239D9ADC006DB96B /* 09-Input.txt */ = {isa = PBXFileReference; lastKnownFileType = text; path = "09-Input.txt"; sourceTree = "<group>"; };
		3F997952239D9ADC006DB96B /* 09-Day.swift */ = {isa = PBXFileReference; lastKnownFileType = sourcecode.swift; path = "09-Day.swift"; sourceTree = "<group>"; };
		3F997956239E20D0006DB96B /* Computer.swift */ = {isa = PBXFileReference; lastKnownFileType = sourcecode.swift; path = Computer.swift; sourceTree = "<group>"; };
		3FAABACD23A0BCE900DD6E03 /* 11-Day.swift */ = {isa = PBXFileReference; lastKnownFileType = sourcecode.swift; path = "11-Day.swift"; sourceTree = "<group>"; };
		3FAABACE23A0BCE900DD6E03 /* 11-Input.txt */ = {isa = PBXFileReference; lastKnownFileType = text; path = "11-Input.txt"; sourceTree = "<group>"; };
		3FBB15B623B772EE00EFBAC9 /* 13-Day.swift */ = {isa = PBXFileReference; lastKnownFileType = sourcecode.swift; path = "13-Day.swift"; sourceTree = "<group>"; };
		3FBB15B723B772EE00EFBAC9 /* 13-Input.txt */ = {isa = PBXFileReference; lastKnownFileType = text; path = "13-Input.txt"; sourceTree = "<group>"; };
		3FBB15B923B77A9600EFBAC9 /* 16-Day.swift */ = {isa = PBXFileReference; lastKnownFileType = sourcecode.swift; path = "16-Day.swift"; sourceTree = "<group>"; };
		3FBB15BA23B77A9600EFBAC9 /* 16-Input.txt */ = {isa = PBXFileReference; lastKnownFileType = text; path = "16-Input.txt"; sourceTree = "<group>"; };
		3FC80DD523B899B2008D9C9F /* 17-Day.swift */ = {isa = PBXFileReference; lastKnownFileType = sourcecode.swift; path = "17-Day.swift"; sourceTree = "<group>"; };
		3FC80DD623B899B2008D9C9F /* 17-Input.txt */ = {isa = PBXFileReference; lastKnownFileType = text; path = "17-Input.txt"; sourceTree = "<group>"; };
		3FCED5B6239C658F006EE248 /* 08-Input.txt */ = {isa = PBXFileReference; lastKnownFileType = text; path = "08-Input.txt"; sourceTree = "<group>"; };
		3FCED5B7239C658F006EE248 /* 08-Day.swift */ = {isa = PBXFileReference; lastKnownFileType = sourcecode.swift; path = "08-Day.swift"; sourceTree = "<group>"; };
/* End PBXFileReference section */

/* Begin PBXFrameworksBuildPhase section */
		3F6A0F1723929DD300F734B9 /* Frameworks */ = {
			isa = PBXFrameworksBuildPhase;
			buildActionMask = 2147483647;
			files = (
			);
			runOnlyForDeploymentPostprocessing = 0;
		};
/* End PBXFrameworksBuildPhase section */

/* Begin PBXGroup section */
		3F6A0F1123929DD300F734B9 = {
			isa = PBXGroup;
			children = (
				3F6A0F1C23929DD300F734B9 /* AdventOfCode2019 */,
				3F6A0F1B23929DD300F734B9 /* Products */,
			);
			sourceTree = "<group>";
		};
		3F6A0F1B23929DD300F734B9 /* Products */ = {
			isa = PBXGroup;
			children = (
				3F6A0F1A23929DD300F734B9 /* AdventOfCode2019 */,
			);
			name = Products;
			sourceTree = "<group>";
		};
		3F6A0F1C23929DD300F734B9 /* AdventOfCode2019 */ = {
			isa = PBXGroup;
			children = (
				3F660B262393A0B3003DB18E /* 01-Day.swift */,
				3F660B282393A0C5003DB18E /* 01-Input.txt */,
				3F07B1242394EAC300123D12 /* 02-Day.swift */,
				3F07B1262394EACF00123D12 /* 02-Input.txt */,
				3F194A182396325700D1A1A3 /* 03-Day.swift */,
				3F194A172396325700D1A1A3 /* 03-Input.txt */,
				3F1C172423970D990033C4D4 /* 04-Day.swift */,
				3F1C172523970D990033C4D4 /* 04-Input.txt */,
				3F84925B2398D46200521F97 /* 05-Day.swift */,
				3F84925A2398D46200521F97 /* 05-Input.txt */,
				3F860E6D2399B4A60080576B /* 06-Day.swift */,
				3F860E6C2399B4A60080576B /* 06-Input.txt */,
				3F5EEF19239B0E720015404B /* 07-Day.swift */,
				3F5EEF18239B0E720015404B /* 07-Input.txt */,
				3FCED5B7239C658F006EE248 /* 08-Day.swift */,
				3FCED5B6239C658F006EE248 /* 08-Input.txt */,
				3F997952239D9ADC006DB96B /* 09-Day.swift */,
				3F997951239D9ADC006DB96B /* 09-Input.txt */,
				3F62495A239EF31A00812F8F /* 10-Day.swift */,
				3F62495B239EF31A00812F8F /* 10-Input.txt */,
				3FAABACD23A0BCE900DD6E03 /* 11-Day.swift */,
				3FAABACE23A0BCE900DD6E03 /* 11-Input.txt */,
				3F6E5EC923A189ED00B99C7C /* 12-Day.swift */,
				3F6E5ECA23A189ED00B99C7C /* 12-Input.txt */,
				3FBB15B623B772EE00EFBAC9 /* 13-Day.swift */,
				3FBB15B723B772EE00EFBAC9 /* 13-Input.txt */,
				3F0E027A23A4B9EB001A7ED1 /* 14-Day.swift */,
				3F0E027B23A4B9EB001A7ED1 /* 14-Input.txt */,
				3FBB15B923B77A9600EFBAC9 /* 16-Day.swift */,
				3FBB15BA23B77A9600EFBAC9 /* 16-Input.txt */,
				3FC80DD523B899B2008D9C9F /* 17-Day.swift */,
				3FC80DD623B899B2008D9C9F /* 17-Input.txt */,
				3F81AFA623B4B7D3006D3882 /* 24-Day.swift */,
				3F81AFA523B4B7D3006D3882 /* 24-Input.txt */,
				3F6A0F2523929EA800F734B9 /* 2018-01-Day.swift */,
				3F6A0F2B2392A56200F734B9 /* 2018-01-Input.txt */,
				3F997956239E20D0006DB96B /* Computer.swift */,
				3F6E5EC523A1642800B99C7C /* Coordinate.swift */,
				3F6E5EC723A1652200B99C7C /* Direction.swift */,
				3F6A0F272392A25E00F734B9 /* Input.swift */,
				3F6A0F1D23929DD300F734B9 /* main.swift */,
			);
			path = AdventOfCode2019;
			sourceTree = "<group>";
		};
/* End PBXGroup section */

/* Begin PBXNativeTarget section */
		3F6A0F1923929DD300F734B9 /* AdventOfCode2019 */ = {
			isa = PBXNativeTarget;
			buildConfigurationList = 3F6A0F2123929DD300F734B9 /* Build configuration list for PBXNativeTarget "AdventOfCode2019" */;
			buildPhases = (
				3F6A0F1623929DD300F734B9 /* Sources */,
				3F6A0F1723929DD300F734B9 /* Frameworks */,
				3F6A0F1823929DD300F734B9 /* CopyFiles */,
			);
			buildRules = (
			);
			dependencies = (
			);
			name = AdventOfCode2019;
			productName = AdventOfCode2019;
			productReference = 3F6A0F1A23929DD300F734B9 /* AdventOfCode2019 */;
			productType = "com.apple.product-type.tool";
		};
/* End PBXNativeTarget section */

/* Begin PBXProject section */
		3F6A0F1223929DD300F734B9 /* Project object */ = {
			isa = PBXProject;
			attributes = {
				LastSwiftUpdateCheck = 1120;
				LastUpgradeCheck = 1130;
				ORGANIZATIONNAME = fbe;
				TargetAttributes = {
					3F6A0F1923929DD300F734B9 = {
						CreatedOnToolsVersion = 11.2.1;
					};
				};
			};
			buildConfigurationList = 3F6A0F1523929DD300F734B9 /* Build configuration list for PBXProject "AdventOfCode2019" */;
			compatibilityVersion = "Xcode 9.3";
			developmentRegion = en;
			hasScannedForEncodings = 0;
			knownRegions = (
				en,
				Base,
			);
			mainGroup = 3F6A0F1123929DD300F734B9;
			productRefGroup = 3F6A0F1B23929DD300F734B9 /* Products */;
			projectDirPath = "";
			projectRoot = "";
			targets = (
				3F6A0F1923929DD300F734B9 /* AdventOfCode2019 */,
			);
		};
/* End PBXProject section */

/* Begin PBXSourcesBuildPhase section */
		3F6A0F1623929DD300F734B9 /* Sources */ = {
			isa = PBXSourcesBuildPhase;
			buildActionMask = 2147483647;
			files = (
				3F6A0F282392A25E00F734B9 /* Input.swift in Sources */,
				3F997957239E20D0006DB96B /* Computer.swift in Sources */,
				3F6E5ECB23A189ED00B99C7C /* 12-Day.swift in Sources */,
				3FCED5B8239C658F006EE248 /* 08-Day.swift in Sources */,
				3F6E5EC623A1642800B99C7C /* Coordinate.swift in Sources */,
				3F6A0F1E23929DD300F734B9 /* main.swift in Sources */,
				3F07B1252394EAC300123D12 /* 02-Day.swift in Sources */,
				3FC80DD723B899B2008D9C9F /* 17-Day.swift in Sources */,
				3FBB15BB23B77A9600EFBAC9 /* 16-Day.swift in Sources */,
				3F1C172623970D990033C4D4 /* 04-Day.swift in Sources */,
				3F6E5EC823A1652200B99C7C /* Direction.swift in Sources */,
				3F0E027C23A4B9EC001A7ED1 /* 14-Day.swift in Sources */,
				3FAABACF23A0BCEA00DD6E03 /* 11-Day.swift in Sources */,
				3F81AFA723B4B7D3006D3882 /* 24-Day.swift in Sources */,
				3F5EEF1A239B0E720015404B /* 07-Day.swift in Sources */,
				3F6A0F2623929EA800F734B9 /* 2018-01-Day.swift in Sources */,
				3F194A192396325700D1A1A3 /* 03-Day.swift in Sources */,
				3F860E6E2399B4A60080576B /* 06-Day.swift in Sources */,
				3F84925C2398D46200521F97 /* 05-Day.swift in Sources */,
				3F997953239D9ADC006DB96B /* 09-Day.swift in Sources */,
				3F660B272393A0B3003DB18E /* 01-Day.swift in Sources */,
				3F62495C239EF31A00812F8F /* 10-Day.swift in Sources */,
				3FBB15B823B772EE00EFBAC9 /* 13-Day.swift in Sources */,
			);
			runOnlyForDeploymentPostprocessing = 0;
		};
/* End PBXSourcesBuildPhase section */

/* Begin XCBuildConfiguration section */
		3F6A0F1F23929DD300F734B9 /* Debug */ = {
			isa = XCBuildConfiguration;
			buildSettings = {
				ALWAYS_SEARCH_USER_PATHS = NO;
				CLANG_ANALYZER_NONNULL = YES;
				CLANG_ANALYZER_NUMBER_OBJECT_CONVERSION = YES_AGGRESSIVE;
				CLANG_CXX_LANGUAGE_STANDARD = "gnu++14";
				CLANG_CXX_LIBRARY = "libc++";
				CLANG_ENABLE_MODULES = YES;
				CLANG_ENABLE_OBJC_ARC = YES;
				CLANG_ENABLE_OBJC_WEAK = YES;
				CLANG_WARN_BLOCK_CAPTURE_AUTORELEASING = YES;
				CLANG_WARN_BOOL_CONVERSION = YES;
				CLANG_WARN_COMMA = YES;
				CLANG_WARN_CONSTANT_CONVERSION = YES;
				CLANG_WARN_DEPRECATED_OBJC_IMPLEMENTATIONS = YES;
				CLANG_WARN_DIRECT_OBJC_ISA_USAGE = YES_ERROR;
				CLANG_WARN_DOCUMENTATION_COMMENTS = YES;
				CLANG_WARN_EMPTY_BODY = YES;
				CLANG_WARN_ENUM_CONVERSION = YES;
				CLANG_WARN_INFINITE_RECURSION = YES;
				CLANG_WARN_INT_CONVERSION = YES;
				CLANG_WARN_NON_LITERAL_NULL_CONVERSION = YES;
				CLANG_WARN_OBJC_IMPLICIT_RETAIN_SELF = YES;
				CLANG_WARN_OBJC_LITERAL_CONVERSION = YES;
				CLANG_WARN_OBJC_ROOT_CLASS = YES_ERROR;
				CLANG_WARN_RANGE_LOOP_ANALYSIS = YES;
				CLANG_WARN_STRICT_PROTOTYPES = YES;
				CLANG_WARN_SUSPICIOUS_MOVE = YES;
				CLANG_WARN_UNGUARDED_AVAILABILITY = YES_AGGRESSIVE;
				CLANG_WARN_UNREACHABLE_CODE = YES;
				CLANG_WARN__DUPLICATE_METHOD_MATCH = YES;
				COPY_PHASE_STRIP = NO;
				DEBUG_INFORMATION_FORMAT = dwarf;
				ENABLE_STRICT_OBJC_MSGSEND = YES;
				ENABLE_TESTABILITY = YES;
				GCC_C_LANGUAGE_STANDARD = gnu11;
				GCC_DYNAMIC_NO_PIC = NO;
				GCC_NO_COMMON_BLOCKS = YES;
				GCC_OPTIMIZATION_LEVEL = 0;
				GCC_PREPROCESSOR_DEFINITIONS = (
					"DEBUG=1",
					"$(inherited)",
				);
				GCC_WARN_64_TO_32_BIT_CONVERSION = YES;
				GCC_WARN_ABOUT_RETURN_TYPE = YES_ERROR;
				GCC_WARN_UNDECLARED_SELECTOR = YES;
				GCC_WARN_UNINITIALIZED_AUTOS = YES_AGGRESSIVE;
				GCC_WARN_UNUSED_FUNCTION = YES;
				GCC_WARN_UNUSED_VARIABLE = YES;
				MACOSX_DEPLOYMENT_TARGET = 10.15;
				MTL_ENABLE_DEBUG_INFO = INCLUDE_SOURCE;
				MTL_FAST_MATH = YES;
				ONLY_ACTIVE_ARCH = YES;
				SDKROOT = macosx;
				SWIFT_ACTIVE_COMPILATION_CONDITIONS = DEBUG;
				SWIFT_OPTIMIZATION_LEVEL = "-Onone";
			};
			name = Debug;
		};
		3F6A0F2023929DD300F734B9 /* Release */ = {
			isa = XCBuildConfiguration;
			buildSettings = {
				ALWAYS_SEARCH_USER_PATHS = NO;
				CLANG_ANALYZER_NONNULL = YES;
				CLANG_ANALYZER_NUMBER_OBJECT_CONVERSION = YES_AGGRESSIVE;
				CLANG_CXX_LANGUAGE_STANDARD = "gnu++14";
				CLANG_CXX_LIBRARY = "libc++";
				CLANG_ENABLE_MODULES = YES;
				CLANG_ENABLE_OBJC_ARC = YES;
				CLANG_ENABLE_OBJC_WEAK = YES;
				CLANG_WARN_BLOCK_CAPTURE_AUTORELEASING = YES;
				CLANG_WARN_BOOL_CONVERSION = YES;
				CLANG_WARN_COMMA = YES;
				CLANG_WARN_CONSTANT_CONVERSION = YES;
				CLANG_WARN_DEPRECATED_OBJC_IMPLEMENTATIONS = YES;
				CLANG_WARN_DIRECT_OBJC_ISA_USAGE = YES_ERROR;
				CLANG_WARN_DOCUMENTATION_COMMENTS = YES;
				CLANG_WARN_EMPTY_BODY = YES;
				CLANG_WARN_ENUM_CONVERSION = YES;
				CLANG_WARN_INFINITE_RECURSION = YES;
				CLANG_WARN_INT_CONVERSION = YES;
				CLANG_WARN_NON_LITERAL_NULL_CONVERSION = YES;
				CLANG_WARN_OBJC_IMPLICIT_RETAIN_SELF = YES;
				CLANG_WARN_OBJC_LITERAL_CONVERSION = YES;
				CLANG_WARN_OBJC_ROOT_CLASS = YES_ERROR;
				CLANG_WARN_RANGE_LOOP_ANALYSIS = YES;
				CLANG_WARN_STRICT_PROTOTYPES = YES;
				CLANG_WARN_SUSPICIOUS_MOVE = YES;
				CLANG_WARN_UNGUARDED_AVAILABILITY = YES_AGGRESSIVE;
				CLANG_WARN_UNREACHABLE_CODE = YES;
				CLANG_WARN__DUPLICATE_METHOD_MATCH = YES;
				COPY_PHASE_STRIP = NO;
				DEBUG_INFORMATION_FORMAT = "dwarf-with-dsym";
				ENABLE_NS_ASSERTIONS = NO;
				ENABLE_STRICT_OBJC_MSGSEND = YES;
				GCC_C_LANGUAGE_STANDARD = gnu11;
				GCC_NO_COMMON_BLOCKS = YES;
				GCC_WARN_64_TO_32_BIT_CONVERSION = YES;
				GCC_WARN_ABOUT_RETURN_TYPE = YES_ERROR;
				GCC_WARN_UNDECLARED_SELECTOR = YES;
				GCC_WARN_UNINITIALIZED_AUTOS = YES_AGGRESSIVE;
				GCC_WARN_UNUSED_FUNCTION = YES;
				GCC_WARN_UNUSED_VARIABLE = YES;
				MACOSX_DEPLOYMENT_TARGET = 10.15;
				MTL_ENABLE_DEBUG_INFO = NO;
				MTL_FAST_MATH = YES;
				SDKROOT = macosx;
				SWIFT_COMPILATION_MODE = wholemodule;
				SWIFT_OPTIMIZATION_LEVEL = "-O";
			};
			name = Release;
		};
		3F6A0F2223929DD300F734B9 /* Debug */ = {
			isa = XCBuildConfiguration;
			buildSettings = {
				CODE_SIGN_IDENTITY = "-";
				CODE_SIGN_STYLE = Automatic;
				DEVELOPMENT_TEAM = J85Z25U8EM;
				ENABLE_HARDENED_RUNTIME = YES;
				PRODUCT_NAME = "$(TARGET_NAME)";
				SWIFT_VERSION = 5.0;
			};
			name = Debug;
		};
		3F6A0F2323929DD300F734B9 /* Release */ = {
			isa = XCBuildConfiguration;
			buildSettings = {
				CODE_SIGN_IDENTITY = "-";
				CODE_SIGN_STYLE = Automatic;
				DEVELOPMENT_TEAM = J85Z25U8EM;
				ENABLE_HARDENED_RUNTIME = YES;
				PRODUCT_NAME = "$(TARGET_NAME)";
				SWIFT_VERSION = 5.0;
			};
			name = Release;
		};
/* End XCBuildConfiguration section */

/* Begin XCConfigurationList section */
		3F6A0F1523929DD300F734B9 /* Build configuration list for PBXProject "AdventOfCode2019" */ = {
			isa = XCConfigurationList;
			buildConfigurations = (
				3F6A0F1F23929DD300F734B9 /* Debug */,
				3F6A0F2023929DD300F734B9 /* Release */,
			);
			defaultConfigurationIsVisible = 0;
			defaultConfigurationName = Release;
		};
		3F6A0F2123929DD300F734B9 /* Build configuration list for PBXNativeTarget "AdventOfCode2019" */ = {
			isa = XCConfigurationList;
			buildConfigurations = (
				3F6A0F2223929DD300F734B9 /* Debug */,
				3F6A0F2323929DD300F734B9 /* Release */,
			);
			defaultConfigurationIsVisible = 0;
			defaultConfigurationName = Release;
		};
/* End XCConfigurationList section */
	};
	rootObject = 3F6A0F1223929DD300F734B9 /* Project object */;
}
